
Microsoft Visual Studio Solution File, Format Version 12.00
Project("{FAE04EC0-301F-11D3-BF4B-00C04F79EFBC}") = "Vpn.WgHandler", "Vpn.WgHandler\Vpn.WgHandler.csproj", "{9392A1E6-5692-4881-9D1F-4FE831FDCE83}"
EndProject
Project("{FAE04EC0-301F-11D3-BF4B-00C04F79EFBC}") = "Vpn.Core", "Vpn.Core\Vpn.Core.csproj", "{A8630A19-989A-4A3D-BAAA-EA2F5A903841}"
EndProject
Global
	GlobalSection(SolutionConfigurationPlatforms) = preSolution
		Debug|Any CPU = Debug|Any CPU
		Release|Any CPU = Release|Any CPU
	EndGlobalSection
	GlobalSection(ProjectConfigurationPlatforms) = postSolution
		{9392A1E6-5692-4881-9D1F-4FE831FDCE83}.Debug|Any CPU.ActiveCfg = Debug|Any CPU
		{9392A1E6-5692-4881-9D1F-4FE831FDCE83}.Debug|Any CPU.Build.0 = Debug|Any CPU
		{9392A1E6-5692-4881-9D1F-4FE831FDCE83}.Release|Any CPU.ActiveCfg = Release|Any CPU
		{9392A1E6-5692-4881-9D1F-4FE831FDCE83}.Release|Any CPU.Build.0 = Release|Any CPU
		{A8630A19-989A-4A3D-BAAA-EA2F5A903841}.Debug|Any CPU.ActiveCfg = Debug|Any CPU
		{A8630A19-989A-4A3D-BAAA-EA2F5A903841}.Debug|Any CPU.Build.0 = Debug|Any CPU
		{A8630A19-989A-4A3D-BAAA-EA2F5A903841}.Release|Any CPU.ActiveCfg = Release|Any CPU
		{A8630A19-989A-4A3D-BAAA-EA2F5A903841}.Release|Any CPU.Build.0 = Release|Any CPU
	EndGlobalSection
EndGlobal
